
Microsoft Visual Studio Solution File, Format Version 12.00
# Visual Studio Version 16
VisualStudioVersion = 16.0.31702.278
MinimumVisualStudioVersion = 10.0.40219.1
Project("{9A19103F-16F7-4668-BE54-9A1E7A4F7556}") = "trainingWFM", "trainingWFM.csproj", "{DBCD6485-A0E4-4C64-9DBF-FE90E90F886D}"
EndProject
Global
	GlobalSection(SolutionConfigurationPlatforms) = preSolution
		Debug|Any CPU = Debug|Any CPU
		Release|Any CPU = Release|Any CPU
	EndGlobalSection
	GlobalSection(ProjectConfigurationPlatforms) = postSolution
		{DBCD6485-A0E4-4C64-9DBF-FE90E90F886D}.Debug|Any CPU.ActiveCfg = Debug|Any CPU
		{DBCD6485-A0E4-4C64-9DBF-FE90E90F886D}.Debug|Any CPU.Build.0 = Debug|Any CPU
		{DBCD6485-A0E4-4C64-9DBF-FE90E90F886D}.Release|Any CPU.ActiveCfg = Release|Any CPU
		{DBCD6485-A0E4-4C64-9DBF-FE90E90F886D}.Release|Any CPU.Build.0 = Release|Any CPU
	EndGlobalSection
	GlobalSection(SolutionProperties) = preSolution
		HideSolutionNode = FALSE
	EndGlobalSection
	GlobalSection(ExtensibilityGlobals) = postSolution
		SolutionGuid = {223B214B-A093-4D3E-8B8D-5B0703E23CA1}
	EndGlobalSection
EndGlobal
